// !$*UTF8*$!
{
	archiveVersion = 1;
	classes = {
	};
	objectVersion = 56;
	objects = {

/* Begin PBXBuildFile section */
		00D3A23629AF6B91003A13A6 /* AppDelegate.swift in Sources */ = {isa = PBXBuildFile; fileRef = 00D3A23529AF6B91003A13A6 /* AppDelegate.swift */; };
		00D3A23F29AF6B92003A13A6 /* Assets.xcassets in Resources */ = {isa = PBXBuildFile; fileRef = 00D3A23E29AF6B92003A13A6 /* Assets.xcassets */; };
		00D3A24229AF6B92003A13A6 /* LaunchScreen.storyboard in Resources */ = {isa = PBXBuildFile; fileRef = 00D3A24029AF6B92003A13A6 /* LaunchScreen.storyboard */; };
		00D3A24D29AF6DBC003A13A6 /* ProfileVC.swift in Sources */ = {isa = PBXBuildFile; fileRef = 00D3A24B29AF6DBC003A13A6 /* ProfileVC.swift */; };
		00D3A24E29AF6DBC003A13A6 /* ProfileVC.xib in Resources */ = {isa = PBXBuildFile; fileRef = 00D3A24C29AF6DBC003A13A6 /* ProfileVC.xib */; };
		00D3A25729AF7FDA003A13A6 /* ProfileVC+TableView.swift in Sources */ = {isa = PBXBuildFile; fileRef = 00D3A25629AF7FDA003A13A6 /* ProfileVC+TableView.swift */; };
		00D3A25A29AF9957003A13A6 /* ProfileViewModel.swift in Sources */ = {isa = PBXBuildFile; fileRef = 00D3A25929AF9957003A13A6 /* ProfileViewModel.swift */; };
		00D3A25C29AF9F05003A13A6 /* Album.swift in Sources */ = {isa = PBXBuildFile; fileRef = 00D3A25B29AF9F05003A13A6 /* Album.swift */; };
		00D3A25E29AF9F6A003A13A6 /* User.swift in Sources */ = {isa = PBXBuildFile; fileRef = 00D3A25D29AF9F6A003A13A6 /* User.swift */; };
		00D3A26029AF9F7A003A13A6 /* Photos.swift in Sources */ = {isa = PBXBuildFile; fileRef = 00D3A25F29AF9F7A003A13A6 /* Photos.swift */; };
/* End PBXBuildFile section */

/* Begin PBXFileReference section */
		00D3A23229AF6B91003A13A6 /* Bosta-IOS-Task.app */ = {isa = PBXFileReference; explicitFileType = wrapper.application; includeInIndex = 0; path = "Bosta-IOS-Task.app"; sourceTree = BUILT_PRODUCTS_DIR; };
		00D3A23529AF6B91003A13A6 /* AppDelegate.swift */ = {isa = PBXFileReference; lastKnownFileType = sourcecode.swift; path = AppDelegate.swift; sourceTree = "<group>"; };
		00D3A23E29AF6B92003A13A6 /* Assets.xcassets */ = {isa = PBXFileReference; lastKnownFileType = folder.assetcatalog; path = Assets.xcassets; sourceTree = "<group>"; };
		00D3A24129AF6B92003A13A6 /* Base */ = {isa = PBXFileReference; lastKnownFileType = file.storyboard; name = Base; path = Base.lproj/LaunchScreen.storyboard; sourceTree = "<group>"; };
		00D3A24329AF6B92003A13A6 /* Info.plist */ = {isa = PBXFileReference; lastKnownFileType = text.plist.xml; path = Info.plist; sourceTree = "<group>"; };
		00D3A24B29AF6DBC003A13A6 /* ProfileVC.swift */ = {isa = PBXFileReference; lastKnownFileType = sourcecode.swift; path = ProfileVC.swift; sourceTree = "<group>"; };
		00D3A24C29AF6DBC003A13A6 /* ProfileVC.xib */ = {isa = PBXFileReference; lastKnownFileType = file.xib; path = ProfileVC.xib; sourceTree = "<group>"; };
		00D3A25629AF7FDA003A13A6 /* ProfileVC+TableView.swift */ = {isa = PBXFileReference; lastKnownFileType = sourcecode.swift; path = "ProfileVC+TableView.swift"; sourceTree = "<group>"; };
		00D3A25929AF9957003A13A6 /* ProfileViewModel.swift */ = {isa = PBXFileReference; lastKnownFileType = sourcecode.swift; path = ProfileViewModel.swift; sourceTree = "<group>"; };
		00D3A25B29AF9F05003A13A6 /* Album.swift */ = {isa = PBXFileReference; lastKnownFileType = sourcecode.swift; path = Album.swift; sourceTree = "<group>"; };
		00D3A25D29AF9F6A003A13A6 /* User.swift */ = {isa = PBXFileReference; lastKnownFileType = sourcecode.swift; path = User.swift; sourceTree = "<group>"; };
		00D3A25F29AF9F7A003A13A6 /* Photos.swift */ = {isa = PBXFileReference; lastKnownFileType = sourcecode.swift; path = Photos.swift; sourceTree = "<group>"; };
/* End PBXFileReference section */

/* Begin PBXFrameworksBuildPhase section */
		00D3A22F29AF6B91003A13A6 /* Frameworks */ = {
			isa = PBXFrameworksBuildPhase;
			buildActionMask = 2147483647;
			files = (
			);
			runOnlyForDeploymentPostprocessing = 0;
		};
/* End PBXFrameworksBuildPhase section */

/* Begin PBXGroup section */
		00D3A22929AF6B91003A13A6 = {
			isa = PBXGroup;
			children = (
				00D3A23429AF6B91003A13A6 /* Bosta-IOS-Task */,
				00D3A23329AF6B91003A13A6 /* Products */,
			);
			sourceTree = "<group>";
		};
		00D3A23329AF6B91003A13A6 /* Products */ = {
			isa = PBXGroup;
			children = (
				00D3A23229AF6B91003A13A6 /* Bosta-IOS-Task.app */,
			);
			name = Products;
			sourceTree = "<group>";
		};
		00D3A23429AF6B91003A13A6 /* Bosta-IOS-Task */ = {
			isa = PBXGroup;
			children = (
				00D3A25829AF9921003A13A6 /* ViewModel */,
				00D3A25529AF75BC003A13A6 /* Config */,
				00D3A25429AF75A7003A13A6 /* Resources */,
				00D3A25329AF7595003A13A6 /* Networking */,
				00D3A25229AF7583003A13A6 /* Classes */,
				00D3A25129AF757E003A13A6 /* View */,
				00D3A25029AF7569003A13A6 /* Model */,
				00D3A24F29AF7556003A13A6 /* Controllers */,
				00D3A23529AF6B91003A13A6 /* AppDelegate.swift */,
			);
			path = "Bosta-IOS-Task";
			sourceTree = "<group>";
		};
		00D3A24929AF6D94003A13A6 /* Profile */ = {
			isa = PBXGroup;
			children = (
				00D3A24B29AF6DBC003A13A6 /* ProfileVC.swift */,
				00D3A25629AF7FDA003A13A6 /* ProfileVC+TableView.swift */,
				00D3A24C29AF6DBC003A13A6 /* ProfileVC.xib */,
			);
			path = Profile;
			sourceTree = "<group>";
		};
		00D3A24F29AF7556003A13A6 /* Controllers */ = {
			isa = PBXGroup;
			children = (
				00D3A24929AF6D94003A13A6 /* Profile */,
			);
			path = Controllers;
			sourceTree = "<group>";
		};
		00D3A25029AF7569003A13A6 /* Model */ = {
			isa = PBXGroup;
			children = (
				00D3A25B29AF9F05003A13A6 /* Album.swift */,
				00D3A25D29AF9F6A003A13A6 /* User.swift */,
				00D3A25F29AF9F7A003A13A6 /* Photos.swift */,
			);
			path = Model;
			sourceTree = "<group>";
		};
		00D3A25129AF757E003A13A6 /* View */ = {
			isa = PBXGroup;
			children = (
				00D3A24029AF6B92003A13A6 /* LaunchScreen.storyboard */,
			);
			path = View;
			sourceTree = "<group>";
		};
		00D3A25229AF7583003A13A6 /* Classes */ = {
			isa = PBXGroup;
			children = (
			);
			path = Classes;
			sourceTree = "<group>";
		};
		00D3A25329AF7595003A13A6 /* Networking */ = {
			isa = PBXGroup;
			children = (
			);
			path = Networking;
			sourceTree = "<group>";
		};
		00D3A25429AF75A7003A13A6 /* Resources */ = {
			isa = PBXGroup;
			children = (
				00D3A23E29AF6B92003A13A6 /* Assets.xcassets */,
			);
			path = Resources;
			sourceTree = "<group>";
		};
		00D3A25529AF75BC003A13A6 /* Config */ = {
			isa = PBXGroup;
			children = (
				00D3A24329AF6B92003A13A6 /* Info.plist */,
			);
			path = Config;
			sourceTree = "<group>";
		};
		00D3A25829AF9921003A13A6 /* ViewModel */ = {
			isa = PBXGroup;
			children = (
				00D3A25929AF9957003A13A6 /* ProfileViewModel.swift */,
			);
			path = ViewModel;
			sourceTree = "<group>";
		};
/* End PBXGroup section */

/* Begin PBXNativeTarget section */
		00D3A23129AF6B91003A13A6 /* Bosta-IOS-Task */ = {
			isa = PBXNativeTarget;
			buildConfigurationList = 00D3A24629AF6B92003A13A6 /* Build configuration list for PBXNativeTarget "Bosta-IOS-Task" */;
			buildPhases = (
				00D3A22E29AF6B91003A13A6 /* Sources */,
				00D3A22F29AF6B91003A13A6 /* Frameworks */,
				00D3A23029AF6B91003A13A6 /* Resources */,
			);
			buildRules = (
			);
			dependencies = (
			);
			name = "Bosta-IOS-Task";
			productName = "Bosta-IOS-Task";
			productReference = 00D3A23229AF6B91003A13A6 /* Bosta-IOS-Task.app */;
			productType = "com.apple.product-type.application";
		};
/* End PBXNativeTarget section */

/* Begin PBXProject section */
		00D3A22A29AF6B91003A13A6 /* Project object */ = {
			isa = PBXProject;
			attributes = {
				BuildIndependentTargetsInParallel = 1;
				LastSwiftUpdateCheck = 1400;
				LastUpgradeCheck = 1400;
				TargetAttributes = {
					00D3A23129AF6B91003A13A6 = {
						CreatedOnToolsVersion = 14.0.1;
					};
				};
			};
			buildConfigurationList = 00D3A22D29AF6B91003A13A6 /* Build configuration list for PBXProject "Bosta-IOS-Task" */;
			compatibilityVersion = "Xcode 14.0";
			developmentRegion = en;
			hasScannedForEncodings = 0;
			knownRegions = (
				en,
				Base,
			);
			mainGroup = 00D3A22929AF6B91003A13A6;
			productRefGroup = 00D3A23329AF6B91003A13A6 /* Products */;
			projectDirPath = "";
			projectRoot = "";
			targets = (
				00D3A23129AF6B91003A13A6 /* Bosta-IOS-Task */,
			);
		};
/* End PBXProject section */

/* Begin PBXResourcesBuildPhase section */
		00D3A23029AF6B91003A13A6 /* Resources */ = {
			isa = PBXResourcesBuildPhase;
			buildActionMask = 2147483647;
			files = (
				00D3A24E29AF6DBC003A13A6 /* ProfileVC.xib in Resources */,
				00D3A24229AF6B92003A13A6 /* LaunchScreen.storyboard in Resources */,
				00D3A23F29AF6B92003A13A6 /* Assets.xcassets in Resources */,
			);
			runOnlyForDeploymentPostprocessing = 0;
		};
/* End PBXResourcesBuildPhase section */

/* Begin PBXSourcesBuildPhase section */
		00D3A22E29AF6B91003A13A6 /* Sources */ = {
			isa = PBXSourcesBuildPhase;
			buildActionMask = 2147483647;
			files = (
				00D3A25C29AF9F05003A13A6 /* Album.swift in Sources */,
				00D3A24D29AF6DBC003A13A6 /* ProfileVC.swift in Sources */,
				00D3A25E29AF9F6A003A13A6 /* User.swift in Sources */,
				00D3A25729AF7FDA003A13A6 /* ProfileVC+TableView.swift in Sources */,
				00D3A25A29AF9957003A13A6 /* ProfileViewModel.swift in Sources */,
				00D3A23629AF6B91003A13A6 /* AppDelegate.swift in Sources */,
				00D3A26029AF9F7A003A13A6 /* Photos.swift in Sources */,
			);
			runOnlyForDeploymentPostprocessing = 0;
		};
/* End PBXSourcesBuildPhase section */

/* Begin PBXVariantGroup section */
		00D3A24029AF6B92003A13A6 /* LaunchScreen.storyboard */ = {
			isa = PBXVariantGroup;
			children = (
				00D3A24129AF6B92003A13A6 /* Base */,
			);
			name = LaunchScreen.storyboard;
			sourceTree = "<group>";
		};
/* End PBXVariantGroup section */

/* Begin XCBuildConfiguration section */
		00D3A24429AF6B92003A13A6 /* Debug */ = {
			isa = XCBuildConfiguration;
			buildSettings = {
				ALWAYS_SEARCH_USER_PATHS = NO;
				CLANG_ANALYZER_NONNULL = YES;
				CLANG_ANALYZER_NUMBER_OBJECT_CONVERSION = YES_AGGRESSIVE;
				CLANG_CXX_LANGUAGE_STANDARD = "gnu++20";
				CLANG_ENABLE_MODULES = YES;
				CLANG_ENABLE_OBJC_ARC = YES;
				CLANG_ENABLE_OBJC_WEAK = YES;
				CLANG_WARN_BLOCK_CAPTURE_AUTORELEASING = YES;
				CLANG_WARN_BOOL_CONVERSION = YES;
				CLANG_WARN_COMMA = YES;
				CLANG_WARN_CONSTANT_CONVERSION = YES;
				CLANG_WARN_DEPRECATED_OBJC_IMPLEMENTATIONS = YES;
				CLANG_WARN_DIRECT_OBJC_ISA_USAGE = YES_ERROR;
				CLANG_WARN_DOCUMENTATION_COMMENTS = YES;
				CLANG_WARN_EMPTY_BODY = YES;
				CLANG_WARN_ENUM_CONVERSION = YES;
				CLANG_WARN_INFINITE_RECURSION = YES;
				CLANG_WARN_INT_CONVERSION = YES;
				CLANG_WARN_NON_LITERAL_NULL_CONVERSION = YES;
				CLANG_WARN_OBJC_IMPLICIT_RETAIN_SELF = YES;
				CLANG_WARN_OBJC_LITERAL_CONVERSION = YES;
				CLANG_WARN_OBJC_ROOT_CLASS = YES_ERROR;
				CLANG_WARN_QUOTED_INCLUDE_IN_FRAMEWORK_HEADER = YES;
				CLANG_WARN_RANGE_LOOP_ANALYSIS = YES;
				CLANG_WARN_STRICT_PROTOTYPES = YES;
				CLANG_WARN_SUSPICIOUS_MOVE = YES;
				CLANG_WARN_UNGUARDED_AVAILABILITY = YES_AGGRESSIVE;
				CLANG_WARN_UNREACHABLE_CODE = YES;
				CLANG_WARN__DUPLICATE_METHOD_MATCH = YES;
				COPY_PHASE_STRIP = NO;
				DEBUG_INFORMATION_FORMAT = dwarf;
				ENABLE_STRICT_OBJC_MSGSEND = YES;
				ENABLE_TESTABILITY = YES;
				GCC_C_LANGUAGE_STANDARD = gnu11;
				GCC_DYNAMIC_NO_PIC = NO;
				GCC_NO_COMMON_BLOCKS = YES;
				GCC_OPTIMIZATION_LEVEL = 0;
				GCC_PREPROCESSOR_DEFINITIONS = (
					"DEBUG=1",
					"$(inherited)",
				);
				GCC_WARN_64_TO_32_BIT_CONVERSION = YES;
				GCC_WARN_ABOUT_RETURN_TYPE = YES_ERROR;
				GCC_WARN_UNDECLARED_SELECTOR = YES;
				GCC_WARN_UNINITIALIZED_AUTOS = YES_AGGRESSIVE;
				GCC_WARN_UNUSED_FUNCTION = YES;
				GCC_WARN_UNUSED_VARIABLE = YES;
				IPHONEOS_DEPLOYMENT_TARGET = 16.0;
				MTL_ENABLE_DEBUG_INFO = INCLUDE_SOURCE;
				MTL_FAST_MATH = YES;
				ONLY_ACTIVE_ARCH = YES;
				SDKROOT = iphoneos;
				SWIFT_ACTIVE_COMPILATION_CONDITIONS = DEBUG;
				SWIFT_OPTIMIZATION_LEVEL = "-Onone";
			};
			name = Debug;
		};
		00D3A24529AF6B92003A13A6 /* Release */ = {
			isa = XCBuildConfiguration;
			buildSettings = {
				ALWAYS_SEARCH_USER_PATHS = NO;
				CLANG_ANALYZER_NONNULL = YES;
				CLANG_ANALYZER_NUMBER_OBJECT_CONVERSION = YES_AGGRESSIVE;
				CLANG_CXX_LANGUAGE_STANDARD = "gnu++20";
				CLANG_ENABLE_MODULES = YES;
				CLANG_ENABLE_OBJC_ARC = YES;
				CLANG_ENABLE_OBJC_WEAK = YES;
				CLANG_WARN_BLOCK_CAPTURE_AUTORELEASING = YES;
				CLANG_WARN_BOOL_CONVERSION = YES;
				CLANG_WARN_COMMA = YES;
				CLANG_WARN_CONSTANT_CONVERSION = YES;
				CLANG_WARN_DEPRECATED_OBJC_IMPLEMENTATIONS = YES;
				CLANG_WARN_DIRECT_OBJC_ISA_USAGE = YES_ERROR;
				CLANG_WARN_DOCUMENTATION_COMMENTS = YES;
				CLANG_WARN_EMPTY_BODY = YES;
				CLANG_WARN_ENUM_CONVERSION = YES;
				CLANG_WARN_INFINITE_RECURSION = YES;
				CLANG_WARN_INT_CONVERSION = YES;
				CLANG_WARN_NON_LITERAL_NULL_CONVERSION = YES;
				CLANG_WARN_OBJC_IMPLICIT_RETAIN_SELF = YES;
				CLANG_WARN_OBJC_LITERAL_CONVERSION = YES;
				CLANG_WARN_OBJC_ROOT_CLASS = YES_ERROR;
				CLANG_WARN_QUOTED_INCLUDE_IN_FRAMEWORK_HEADER = YES;
				CLANG_WARN_RANGE_LOOP_ANALYSIS = YES;
				CLANG_WARN_STRICT_PROTOTYPES = YES;
				CLANG_WARN_SUSPICIOUS_MOVE = YES;
				CLANG_WARN_UNGUARDED_AVAILABILITY = YES_AGGRESSIVE;
				CLANG_WARN_UNREACHABLE_CODE = YES;
				CLANG_WARN__DUPLICATE_METHOD_MATCH = YES;
				COPY_PHASE_STRIP = NO;
				DEBUG_INFORMATION_FORMAT = "dwarf-with-dsym";
				ENABLE_NS_ASSERTIONS = NO;
				ENABLE_STRICT_OBJC_MSGSEND = YES;
				GCC_C_LANGUAGE_STANDARD = gnu11;
				GCC_NO_COMMON_BLOCKS = YES;
				GCC_WARN_64_TO_32_BIT_CONVERSION = YES;
				GCC_WARN_ABOUT_RETURN_TYPE = YES_ERROR;
				GCC_WARN_UNDECLARED_SELECTOR = YES;
				GCC_WARN_UNINITIALIZED_AUTOS = YES_AGGRESSIVE;
				GCC_WARN_UNUSED_FUNCTION = YES;
				GCC_WARN_UNUSED_VARIABLE = YES;
				IPHONEOS_DEPLOYMENT_TARGET = 16.0;
				MTL_ENABLE_DEBUG_INFO = NO;
				MTL_FAST_MATH = YES;
				SDKROOT = iphoneos;
				SWIFT_COMPILATION_MODE = wholemodule;
				SWIFT_OPTIMIZATION_LEVEL = "-O";
				VALIDATE_PRODUCT = YES;
			};
			name = Release;
		};
		00D3A24729AF6B92003A13A6 /* Debug */ = {
			isa = XCBuildConfiguration;
			buildSettings = {
				ASSETCATALOG_COMPILER_APPICON_NAME = AppIcon;
				ASSETCATALOG_COMPILER_GLOBAL_ACCENT_COLOR_NAME = AccentColor;
				CODE_SIGN_STYLE = Automatic;
				CURRENT_PROJECT_VERSION = 1;
				GENERATE_INFOPLIST_FILE = YES;
				INFOPLIST_FILE = "/Users/a/Desktop/Bosta-IOS-Task/Bosta-IOS-Task/Config/Info.plist";
				INFOPLIST_KEY_UIApplicationSupportsIndirectInputEvents = YES;
				INFOPLIST_KEY_UILaunchStoryboardName = LaunchScreen;
				INFOPLIST_KEY_UIMainStoryboardFile = "";
				INFOPLIST_KEY_UISupportedInterfaceOrientations_iPad = "UIInterfaceOrientationPortrait UIInterfaceOrientationPortraitUpsideDown UIInterfaceOrientationLandscapeLeft UIInterfaceOrientationLandscapeRight";
				INFOPLIST_KEY_UISupportedInterfaceOrientations_iPhone = "UIInterfaceOrientationPortrait UIInterfaceOrientationLandscapeLeft UIInterfaceOrientationLandscapeRight";
				LD_RUNPATH_SEARCH_PATHS = (
					"$(inherited)",
					"@executable_path/Frameworks",
				);
				MARKETING_VERSION = 1.0;
				PRODUCT_BUNDLE_IDENTIFIER = "com.Omar-Elsaeed.Bosta-IOS-Task";
				PRODUCT_NAME = "$(TARGET_NAME)";
				SWIFT_EMIT_LOC_STRINGS = YES;
				SWIFT_VERSION = 5.0;
				TARGETED_DEVICE_FAMILY = "1,2";
			};
			name = Debug;
		};
		00D3A24829AF6B92003A13A6 /* Release */ = {
			isa = XCBuildConfiguration;
			buildSettings = {
				ASSETCATALOG_COMPILER_APPICON_NAME = AppIcon;
				ASSETCATALOG_COMPILER_GLOBAL_ACCENT_COLOR_NAME = AccentColor;
				CODE_SIGN_STYLE = Automatic;
				CURRENT_PROJECT_VERSION = 1;
				GENERATE_INFOPLIST_FILE = YES;
				INFOPLIST_FILE = "/Users/a/Desktop/Bosta-IOS-Task/Bosta-IOS-Task/Config/Info.plist";
				INFOPLIST_KEY_UIApplicationSupportsIndirectInputEvents = YES;
				INFOPLIST_KEY_UILaunchStoryboardName = LaunchScreen;
				INFOPLIST_KEY_UIMainStoryboardFile = "";
				INFOPLIST_KEY_UISupportedInterfaceOrientations_iPad = "UIInterfaceOrientationPortrait UIInterfaceOrientationPortraitUpsideDown UIInterfaceOrientationLandscapeLeft UIInterfaceOrientationLandscapeRight";
				INFOPLIST_KEY_UISupportedInterfaceOrientations_iPhone = "UIInterfaceOrientationPortrait UIInterfaceOrientationLandscapeLeft UIInterfaceOrientationLandscapeRight";
				LD_RUNPATH_SEARCH_PATHS = (
					"$(inherited)",
					"@executable_path/Frameworks",
				);
				MARKETING_VERSION = 1.0;
				PRODUCT_BUNDLE_IDENTIFIER = "com.Omar-Elsaeed.Bosta-IOS-Task";
				PRODUCT_NAME = "$(TARGET_NAME)";
				SWIFT_EMIT_LOC_STRINGS = YES;
				SWIFT_VERSION = 5.0;
				TARGETED_DEVICE_FAMILY = "1,2";
			};
			name = Release;
		};
/* End XCBuildConfiguration section */

/* Begin XCConfigurationList section */
		00D3A22D29AF6B91003A13A6 /* Build configuration list for PBXProject "Bosta-IOS-Task" */ = {
			isa = XCConfigurationList;
			buildConfigurations = (
				00D3A24429AF6B92003A13A6 /* Debug */,
				00D3A24529AF6B92003A13A6 /* Release */,
			);
			defaultConfigurationIsVisible = 0;
			defaultConfigurationName = Release;
		};
		00D3A24629AF6B92003A13A6 /* Build configuration list for PBXNativeTarget "Bosta-IOS-Task" */ = {
			isa = XCConfigurationList;
			buildConfigurations = (
				00D3A24729AF6B92003A13A6 /* Debug */,
				00D3A24829AF6B92003A13A6 /* Release */,
			);
			defaultConfigurationIsVisible = 0;
			defaultConfigurationName = Release;
		};
/* End XCConfigurationList section */
	};
	rootObject = 00D3A22A29AF6B91003A13A6 /* Project object */;
}
